Microsoft Visual Studio Solution File, Format Version 12.00
# Visual Studio Version 17
VisualStudioVersion = 17.5.2.0
MinimumVisualStudioVersion = 10.0.40219.1
Project("{FAE04EC0-301F-11D3-BF4B-00C04F79EFBC}") = "StringLearn", "StringLearn.csproj", "{9CB19A54-7E57-C3F9-75A0-9BDFB210EAF5}"
EndProject
Global
	GlobalSection(SolutionConfigurationPlatforms) = preSolution
		Debug|Any CPU = Debug|Any CPU
		Release|Any CPU = Release|Any CPU
	EndGlobalSection
	GlobalSection(ProjectConfigurationPlatforms) = postSolution
		{9CB19A54-7E57-C3F9-75A0-9BDFB210EAF5}.Debug|Any CPU.ActiveCfg = Debug|Any CPU
		{9CB19A54-7E57-C3F9-75A0-9BDFB210EAF5}.Debug|Any CPU.Build.0 = Debug|Any CPU
		{9CB19A54-7E57-C3F9-75A0-9BDFB210EAF5}.Release|Any CPU.ActiveCfg = Release|Any CPU
		{9CB19A54-7E57-C3F9-75A0-9BDFB210EAF5}.Release|Any CPU.Build.0 = Release|Any CPU
	EndGlobalSection
	GlobalSection(SolutionProperties) = preSolution
		HideSolutionNode = FALSE
	EndGlobalSection
	GlobalSection(ExtensibilityGlobals) = postSolution
		SolutionGuid = {A1E73137-B451-492D-911B-465B398BE219}
	EndGlobalSection
EndGlobal
